// !$*UTF8*$!
{
	archiveVersion = 1;
	classes = {
	};
	objectVersion = 51;
	objects = {

/* Begin PBXBuildFile section */
		3D1B0C18074BDBD2A2680BD7 /* Pods_Parstagram.framework in Frameworks */ = {isa = PBXBuildFile; fileRef = DB0B23EFF03A56448A7D1B3F /* Pods_Parstagram.framework */; };
		8677F5BD27153BFD008B00B2 /* LoginViewController.swift in Sources */ = {isa = PBXBuildFile; fileRef = 8677F5BC27153BFD008B00B2 /* LoginViewController.swift */; };
		8677F5BF27153C0C008B00B2 /* FeedViewController.swift in Sources */ = {isa = PBXBuildFile; fileRef = 8677F5BE27153C0C008B00B2 /* FeedViewController.swift */; };
		8677F5C127156AD6008B00B2 /* CameraViewController.swift in Sources */ = {isa = PBXBuildFile; fileRef = 8677F5C027156AD6008B00B2 /* CameraViewController.swift */; };
		8677F5C327157498008B00B2 /* PostCell.swift in Sources */ = {isa = PBXBuildFile; fileRef = 8677F5C227157498008B00B2 /* PostCell.swift */; };
		86F07F9B271507AB002ADAE6 /* AppDelegate.swift in Sources */ = {isa = PBXBuildFile; fileRef = 86F07F9A271507AB002ADAE6 /* AppDelegate.swift */; };
		86F07F9D271507AB002ADAE6 /* SceneDelegate.swift in Sources */ = {isa = PBXBuildFile; fileRef = 86F07F9C271507AB002ADAE6 /* SceneDelegate.swift */; };
		86F07FA2271507AB002ADAE6 /* Main.storyboard in Resources */ = {isa = PBXBuildFile; fileRef = 86F07FA0271507AB002ADAE6 /* Main.storyboard */; };
		86F07FA4271507AD002ADAE6 /* Assets.xcassets in Resources */ = {isa = PBXBuildFile; fileRef = 86F07FA3271507AD002ADAE6 /* Assets.xcassets */; };
		86F07FA7271507AD002ADAE6 /* LaunchScreen.storyboard in Resources */ = {isa = PBXBuildFile; fileRef = 86F07FA5271507AD002ADAE6 /* LaunchScreen.storyboard */; };
		86F07FB2271507AD002ADAE6 /* ParstagramTests.swift in Sources */ = {isa = PBXBuildFile; fileRef = 86F07FB1271507AD002ADAE6 /* ParstagramTests.swift */; };
		86F07FBD271507AD002ADAE6 /* ParstagramUITests.swift in Sources */ = {isa = PBXBuildFile; fileRef = 86F07FBC271507AD002ADAE6 /* ParstagramUITests.swift */; };
		898796019D0EAA6E1D904764 /* Pods_Parstagram_ParstagramUITests.framework in Frameworks */ = {isa = PBXBuildFile; fileRef = AA2AC8CB6C248BE73723A67F /* Pods_Parstagram_ParstagramUITests.framework */; };
		95D934A2B0E677A3731BA3CA /* Pods_ParstagramTests.framework in Frameworks */ = {isa = PBXBuildFile; fileRef = 750BADFD05D2E5EB766AF040 /* Pods_ParstagramTests.framework */; };
/* End PBXBuildFile section */

/* Begin PBXContainerItemProxy section */
		86F07FAE271507AD002ADAE6 /* PBXContainerItemProxy */ = {
			isa = PBXContainerItemProxy;
			containerPortal = 86F07F8F271507AB002ADAE6 /* Project object */;
			proxyType = 1;
			remoteGlobalIDString = 86F07F96271507AB002ADAE6;
			remoteInfo = Parstagram;
		};
		86F07FB9271507AD002ADAE6 /* PBXContainerItemProxy */ = {
			isa = PBXContainerItemProxy;
			containerPortal = 86F07F8F271507AB002ADAE6 /* Project object */;
			proxyType = 1;
			remoteGlobalIDString = 86F07F96271507AB002ADAE6;
			remoteInfo = Parstagram;
		};
/* End PBXContainerItemProxy section */

/* Begin PBXFileReference section */
		4FE8A0396254EE680983B079 /* Pods-ParstagramTests.debug.xcconfig */ = {isa = PBXFileReference; includeInIndex = 1; lastKnownFileType = text.xcconfig; name = "Pods-ParstagramTests.debug.xcconfig"; path = "Target Support Files/Pods-ParstagramTests/Pods-ParstagramTests.debug.xcconfig"; sourceTree = "<group>"; };
		52C4FAA007AD0728E331B6D9 /* Pods-Parstagram-ParstagramUITests.debug.xcconfig */ = {isa = PBXFileReference; includeInIndex = 1; lastKnownFileType = text.xcconfig; name = "Pods-Parstagram-ParstagramUITests.debug.xcconfig"; path = "Target Support Files/Pods-Parstagram-ParstagramUITests/Pods-Parstagram-ParstagramUITests.debug.xcconfig"; sourceTree = "<group>"; };
		69CE3247ACC5F9D55D81B0D4 /* Pods-Parstagram.debug.xcconfig */ = {isa = PBXFileReference; includeInIndex = 1; lastKnownFileType = text.xcconfig; name = "Pods-Parstagram.debug.xcconfig"; path = "Target Support Files/Pods-Parstagram/Pods-Parstagram.debug.xcconfig"; sourceTree = "<group>"; };
		750BADFD05D2E5EB766AF040 /* Pods_ParstagramTests.framework */ = {isa = PBXFileReference; explicitFileType = wrapper.framework; includeInIndex = 0; path = Pods_ParstagramTests.framework; sourceTree = BUILT_PRODUCTS_DIR; };
		7987DC6E6C180B1EBB0FFD7B /* Pods-ParstagramTests.release.xcconfig */ = {isa = PBXFileReference; includeInIndex = 1; lastKnownFileType = text.xcconfig; name = "Pods-ParstagramTests.release.xcconfig"; path = "Target Support Files/Pods-ParstagramTests/Pods-ParstagramTests.release.xcconfig"; sourceTree = "<group>"; };
		8677F5BC27153BFD008B00B2 /* LoginViewController.swift */ = {isa = PBXFileReference; lastKnownFileType = sourcecode.swift; path = LoginViewController.swift; sourceTree = "<group>"; };
		8677F5BE27153C0C008B00B2 /* FeedViewController.swift */ = {isa = PBXFileReference; lastKnownFileType = sourcecode.swift; path = FeedViewController.swift; sourceTree = "<group>"; };
		8677F5C027156AD6008B00B2 /* CameraViewController.swift */ = {isa = PBXFileReference; lastKnownFileType = sourcecode.swift; path = CameraViewController.swift; sourceTree = "<group>"; };
		8677F5C227157498008B00B2 /* PostCell.swift */ = {isa = PBXFileReference; lastKnownFileType = sourcecode.swift; path = PostCell.swift; sourceTree = "<group>"; };
		86F07F97271507AB002ADAE6 /* Parstagram.app */ = {isa = PBXFileReference; explicitFileType = wrapper.application; includeInIndex = 0; path = Parstagram.app; sourceTree = BUILT_PRODUCTS_DIR; };
		86F07F9A271507AB002ADAE6 /* AppDelegate.swift */ = {isa = PBXFileReference; lastKnownFileType = sourcecode.swift; path = AppDelegate.swift; sourceTree = "<group>"; };
		86F07F9C271507AB002ADAE6 /* SceneDelegate.swift */ = {isa = PBXFileReference; lastKnownFileType = sourcecode.swift; path = SceneDelegate.swift; sourceTree = "<group>"; };
		86F07FA1271507AB002ADAE6 /* Base */ = {isa = PBXFileReference; lastKnownFileType = file.storyboard; name = Base; path = Base.lproj/Main.storyboard; sourceTree = "<group>"; };
		86F07FA3271507AD002ADAE6 /* Assets.xcassets */ = {isa = PBXFileReference; lastKnownFileType = folder.assetcatalog; path = Assets.xcassets; sourceTree = "<group>"; };
		86F07FA6271507AD002ADAE6 /* Base */ = {isa = PBXFileReference; lastKnownFileType = file.storyboard; name = Base; path = Base.lproj/LaunchScreen.storyboard; sourceTree = "<group>"; };
		86F07FA8271507AD002ADAE6 /* Info.plist */ = {isa = PBXFileReference; lastKnownFileType = text.plist.xml; path = Info.plist; sourceTree = "<group>"; };
		86F07FAD271507AD002ADAE6 /* ParstagramTests.xctest */ = {isa = PBXFileReference; explicitFileType = wrapper.cfbundle; includeInIndex = 0; path = ParstagramTests.xctest; sourceTree = BUILT_PRODUCTS_DIR; };
		86F07FB1271507AD002ADAE6 /* ParstagramTests.swift */ = {isa = PBXFileReference; lastKnownFileType = sourcecode.swift; path = ParstagramTests.swift; sourceTree = "<group>"; };
		86F07FB3271507AD002ADAE6 /* Info.plist */ = {isa = PBXFileReference; lastKnownFileType = text.plist.xml; path = Info.plist; sourceTree = "<group>"; };
		86F07FB8271507AD002ADAE6 /* ParstagramUITests.xctest */ = {isa = PBXFileReference; explicitFileType = wrapper.cfbundle; includeInIndex = 0; path = ParstagramUITests.xctest; sourceTree = BUILT_PRODUCTS_DIR; };
		86F07FBC271507AD002ADAE6 /* ParstagramUITests.swift */ = {isa = PBXFileReference; lastKnownFileType = sourcecode.swift; path = ParstagramUITests.swift; sourceTree = "<group>"; };
		86F07FBE271507AD002ADAE6 /* Info.plist */ = {isa = PBXFileReference; lastKnownFileType = text.plist.xml; path = Info.plist; sourceTree = "<group>"; };
		AA2AC8CB6C248BE73723A67F /* Pods_Parstagram_ParstagramUITests.framework */ = {isa = PBXFileReference; explicitFileType = wrapper.framework; includeInIndex = 0; path = Pods_Parstagram_ParstagramUITests.framework; sourceTree = BUILT_PRODUCTS_DIR; };
		CAA2F7875656F5C417AA7420 /* Pods-Parstagram-ParstagramUITests.release.xcconfig */ = {isa = PBXFileReference; includeInIndex = 1; lastKnownFileType = text.xcconfig; name = "Pods-Parstagram-ParstagramUITests.release.xcconfig"; path = "Target Support Files/Pods-Parstagram-ParstagramUITests/Pods-Parstagram-ParstagramUITests.release.xcconfig"; sourceTree = "<group>"; };
		DB0B23EFF03A56448A7D1B3F /* Pods_Parstagram.framework */ = {isa = PBXFileReference; explicitFileType = wrapper.framework; includeInIndex = 0; path = Pods_Parstagram.framework; sourceTree = BUILT_PRODUCTS_DIR; };
		E7906EEA8E70C3A89FD607DD /* Pods-Parstagram.release.xcconfig */ = {isa = PBXFileReference; includeInIndex = 1; lastKnownFileType = text.xcconfig; name = "Pods-Parstagram.release.xcconfig"; path = "Target Support Files/Pods-Parstagram/Pods-Parstagram.release.xcconfig"; sourceTree = "<group>"; };
/* End PBXFileReference section */

/* Begin PBXFrameworksBuildPhase section */
		86F07F94271507AB002ADAE6 /* Frameworks */ = {
			isa = PBXFrameworksBuildPhase;
			buildActionMask = 2147483647;
			files = (
				3D1B0C18074BDBD2A2680BD7 /* Pods_Parstagram.framework in Frameworks */,
			);
			runOnlyForDeploymentPostprocessing = 0;
		};
		86F07FAA271507AD002ADAE6 /* Frameworks */ = {
			isa = PBXFrameworksBuildPhase;
			buildActionMask = 2147483647;
			files = (
				95D934A2B0E677A3731BA3CA /* Pods_ParstagramTests.framework in Frameworks */,
			);
			runOnlyForDeploymentPostprocessing = 0;
		};
		86F07FB5271507AD002ADAE6 /* Frameworks */ = {
			isa = PBXFrameworksBuildPhase;
			buildActionMask = 2147483647;
			files = (
				898796019D0EAA6E1D904764 /* Pods_Parstagram_ParstagramUITests.framework in Frameworks */,
			);
			runOnlyForDeploymentPostprocessing = 0;
		};
/* End PBXFrameworksBuildPhase section */

/* Begin PBXGroup section */
		222F4467E666762EF27A6A2E /* Frameworks */ = {
			isa = PBXGroup;
			children = (
				DB0B23EFF03A56448A7D1B3F /* Pods_Parstagram.framework */,
				AA2AC8CB6C248BE73723A67F /* Pods_Parstagram_ParstagramUITests.framework */,
				750BADFD05D2E5EB766AF040 /* Pods_ParstagramTests.framework */,
			);
			name = Frameworks;
			sourceTree = "<group>";
		};
		4A864A9817B34D4E416E6FA2 /* Pods */ = {
			isa = PBXGroup;
			children = (
				69CE3247ACC5F9D55D81B0D4 /* Pods-Parstagram.debug.xcconfig */,
				E7906EEA8E70C3A89FD607DD /* Pods-Parstagram.release.xcconfig */,
				52C4FAA007AD0728E331B6D9 /* Pods-Parstagram-ParstagramUITests.debug.xcconfig */,
				CAA2F7875656F5C417AA7420 /* Pods-Parstagram-ParstagramUITests.release.xcconfig */,
				4FE8A0396254EE680983B079 /* Pods-ParstagramTests.debug.xcconfig */,
				7987DC6E6C180B1EBB0FFD7B /* Pods-ParstagramTests.release.xcconfig */,
			);
			path = Pods;
			sourceTree = "<group>";
		};
		86F07F8E271507AB002ADAE6 = {
			isa = PBXGroup;
			children = (
				86F07F99271507AB002ADAE6 /* Parstagram */,
				86F07FB0271507AD002ADAE6 /* ParstagramTests */,
				86F07FBB271507AD002ADAE6 /* ParstagramUITests */,
				86F07F98271507AB002ADAE6 /* Products */,
				4A864A9817B34D4E416E6FA2 /* Pods */,
				222F4467E666762EF27A6A2E /* Frameworks */,
			);
			sourceTree = "<group>";
		};
		86F07F98271507AB002ADAE6 /* Products */ = {
			isa = PBXGroup;
			children = (
				86F07F97271507AB002ADAE6 /* Parstagram.app */,
				86F07FAD271507AD002ADAE6 /* ParstagramTests.xctest */,
				86F07FB8271507AD002ADAE6 /* ParstagramUITests.xctest */,
			);
			name = Products;
			sourceTree = "<group>";
		};
		86F07F99271507AB002ADAE6 /* Parstagram */ = {
			isa = PBXGroup;
			children = (
				86F07F9A271507AB002ADAE6 /* AppDelegate.swift */,
				86F07F9C271507AB002ADAE6 /* SceneDelegate.swift */,
				86F07FA0271507AB002ADAE6 /* Main.storyboard */,
				86F07FA3271507AD002ADAE6 /* Assets.xcassets */,
				86F07FA5271507AD002ADAE6 /* LaunchScreen.storyboard */,
				86F07FA8271507AD002ADAE6 /* Info.plist */,
				8677F5BC27153BFD008B00B2 /* LoginViewController.swift */,
				8677F5BE27153C0C008B00B2 /* FeedViewController.swift */,
				8677F5C027156AD6008B00B2 /* CameraViewController.swift */,
				8677F5C227157498008B00B2 /* PostCell.swift */,
			);
			path = Parstagram;
			sourceTree = "<group>";
		};
		86F07FB0271507AD002ADAE6 /* ParstagramTests */ = {
			isa = PBXGroup;
			children = (
				86F07FB1271507AD002ADAE6 /* ParstagramTests.swift */,
				86F07FB3271507AD002ADAE6 /* Info.plist */,
			);
			path = ParstagramTests;
			sourceTree = "<group>";
		};
		86F07FBB271507AD002ADAE6 /* ParstagramUITests */ = {
			isa = PBXGroup;
			children = (
				86F07FBC271507AD002ADAE6 /* ParstagramUITests.swift */,
				86F07FBE271507AD002ADAE6 /* Info.plist */,
			);
			path = ParstagramUITests;
			sourceTree = "<group>";
		};
/* End PBXGroup section */

/* Begin PBXNativeTarget section */
		86F07F96271507AB002ADAE6 /* Parstagram */ = {
			isa = PBXNativeTarget;
			buildConfigurationList = 86F07FC1271507AD002ADAE6 /* Build configuration list for PBXNativeTarget "Parstagram" */;
			buildPhases = (
				4BFE6510439F37B40AC6D50D /* [CP] Check Pods Manifest.lock */,
				86F07F93271507AB002ADAE6 /* Sources */,
				86F07F94271507AB002ADAE6 /* Frameworks */,
				86F07F95271507AB002ADAE6 /* Resources */,
				07A24C478242D551864CC95A /* [CP] Embed Pods Frameworks */,
			);
			buildRules = (
			);
			dependencies = (
			);
			name = Parstagram;
			productName = Parstagram;
			productReference = 86F07F97271507AB002ADAE6 /* Parstagram.app */;
			productType = "com.apple.product-type.application";
		};
		86F07FAC271507AD002ADAE6 /* ParstagramTests */ = {
			isa = PBXNativeTarget;
			buildConfigurationList = 86F07FC4271507AD002ADAE6 /* Build configuration list for PBXNativeTarget "ParstagramTests" */;
			buildPhases = (
				1E1F05536DDF1FD3F8CE0C92 /* [CP] Check Pods Manifest.lock */,
				86F07FA9271507AD002ADAE6 /* Sources */,
				86F07FAA271507AD002ADAE6 /* Frameworks */,
				86F07FAB271507AD002ADAE6 /* Resources */,
			);
			buildRules = (
			);
			dependencies = (
				86F07FAF271507AD002ADAE6 /* PBXTargetDependency */,
			);
			name = ParstagramTests;
			productName = ParstagramTests;
			productReference = 86F07FAD271507AD002ADAE6 /* ParstagramTests.xctest */;
			productType = "com.apple.product-type.bundle.unit-test";
		};
		86F07FB7271507AD002ADAE6 /* ParstagramUITests */ = {
			isa = PBXNativeTarget;
			buildConfigurationList = 86F07FC7271507AD002ADAE6 /* Build configuration list for PBXNativeTarget "ParstagramUITests" */;
			buildPhases = (
				1A1641617D5BF292A7DA0C42 /* [CP] Check Pods Manifest.lock */,
				86F07FB4271507AD002ADAE6 /* Sources */,
				86F07FB5271507AD002ADAE6 /* Frameworks */,
				86F07FB6271507AD002ADAE6 /* Resources */,
				EEE305442B740F42DE92164F /* [CP] Embed Pods Frameworks */,
			);
			buildRules = (
			);
			dependencies = (
				86F07FBA271507AD002ADAE6 /* PBXTargetDependency */,
			);
			name = ParstagramUITests;
			productName = ParstagramUITests;
			productReference = 86F07FB8271507AD002ADAE6 /* ParstagramUITests.xctest */;
			productType = "com.apple.product-type.bundle.ui-testing";
		};
/* End PBXNativeTarget section */

/* Begin PBXProject section */
		86F07F8F271507AB002ADAE6 /* Project object */ = {
			isa = PBXProject;
			attributes = {
				LastSwiftUpdateCheck = 1250;
				LastUpgradeCheck = 1250;
				TargetAttributes = {
					86F07F96271507AB002ADAE6 = {
						CreatedOnToolsVersion = 12.5.1;
					};
					86F07FAC271507AD002ADAE6 = {
						CreatedOnToolsVersion = 12.5.1;
						TestTargetID = 86F07F96271507AB002ADAE6;
					};
					86F07FB7271507AD002ADAE6 = {
						CreatedOnToolsVersion = 12.5.1;
						TestTargetID = 86F07F96271507AB002ADAE6;
					};
				};
			};
			buildConfigurationList = 86F07F92271507AB002ADAE6 /* Build configuration list for PBXProject "Parstagram" */;
			compatibilityVersion = "Xcode 9.3";
			developmentRegion = en;
			hasScannedForEncodings = 0;
			knownRegions = (
				en,
				Base,
			);
			mainGroup = 86F07F8E271507AB002ADAE6;
			productRefGroup = 86F07F98271507AB002ADAE6 /* Products */;
			projectDirPath = "";
			projectRoot = "";
			targets = (
				86F07F96271507AB002ADAE6 /* Parstagram */,
				86F07FAC271507AD002ADAE6 /* ParstagramTests */,
				86F07FB7271507AD002ADAE6 /* ParstagramUITests */,
			);
		};
/* End PBXProject section */

/* Begin PBXResourcesBuildPhase section */
		86F07F95271507AB002ADAE6 /* Resources */ = {
			isa = PBXResourcesBuildPhase;
			buildActionMask = 2147483647;
			files = (
				86F07FA7271507AD002ADAE6 /* LaunchScreen.storyboard in Resources */,
				86F07FA4271507AD002ADAE6 /* Assets.xcassets in Resources */,
				86F07FA2271507AB002ADAE6 /* Main.storyboard in Resources */,
			);
			runOnlyForDeploymentPostprocessing = 0;
		};
		86F07FAB271507AD002ADAE6 /* Resources */ = {
			isa = PBXResourcesBuildPhase;
			buildActionMask = 2147483647;
			files = (
			);
			runOnlyForDeploymentPostprocessing = 0;
		};
		86F07FB6271507AD002ADAE6 /* Resources */ = {
			isa = PBXResourcesBuildPhase;
			buildActionMask = 2147483647;
			files = (
			);
			runOnlyForDeploymentPostprocessing = 0;
		};
/* End PBXResourcesBuildPhase section */

/* Begin PBXShellScriptBuildPhase section */
		07A24C478242D551864CC95A /* [CP] Embed Pods Frameworks */ = {
			isa = PBXShellScriptBuildPhase;
			buildActionMask = 2147483647;
			files = (
			);
			inputFileListPaths = (
				"${PODS_ROOT}/Target Support Files/Pods-Parstagram/Pods-Parstagram-frameworks-${CONFIGURATION}-input-files.xcfilelist",
			);
			name = "[CP] Embed Pods Frameworks";
			outputFileListPaths = (
				"${PODS_ROOT}/Target Support Files/Pods-Parstagram/Pods-Parstagram-frameworks-${CONFIGURATION}-output-files.xcfilelist",
			);
			runOnlyForDeploymentPostprocessing = 0;
			shellPath = /bin/sh;
			shellScript = "\"${PODS_ROOT}/Target Support Files/Pods-Parstagram/Pods-Parstagram-frameworks.sh\"\n";
			showEnvVarsInLog = 0;
		};
		1A1641617D5BF292A7DA0C42 /* [CP] Check Pods Manifest.lock */ = {
			isa = PBXShellScriptBuildPhase;
			buildActionMask = 2147483647;
			files = (
			);
			inputFileListPaths = (
			);
			inputPaths = (
				"${PODS_PODFILE_DIR_PATH}/Podfile.lock",
				"${PODS_ROOT}/Manifest.lock",
			);
			name = "[CP] Check Pods Manifest.lock";
			outputFileListPaths = (
			);
			outputPaths = (
				"$(DERIVED_FILE_DIR)/Pods-Parstagram-ParstagramUITests-checkManifestLockResult.txt",
			);
			runOnlyForDeploymentPostprocessing = 0;
			shellPath = /bin/sh;
			shellScript = "diff \"${PODS_PODFILE_DIR_PATH}/Podfile.lock\" \"${PODS_ROOT}/Manifest.lock\" > /dev/null\nif [ $? != 0 ] ; then\n    # print error to STDERR\n    echo \"error: The sandbox is not in sync with the Podfile.lock. Run 'pod install' or update your CocoaPods installation.\" >&2\n    exit 1\nfi\n# This output is used by Xcode 'outputs' to avoid re-running this script phase.\necho \"SUCCESS\" > \"${SCRIPT_OUTPUT_FILE_0}\"\n";
			showEnvVarsInLog = 0;
		};
		1E1F05536DDF1FD3F8CE0C92 /* [CP] Check Pods Manifest.lock */ = {
			isa = PBXShellScriptBuildPhase;
			buildActionMask = 2147483647;
			files = (
			);
			inputFileListPaths = (
			);
			inputPaths = (
				"${PODS_PODFILE_DIR_PATH}/Podfile.lock",
				"${PODS_ROOT}/Manifest.lock",
			);
			name = "[CP] Check Pods Manifest.lock";
			outputFileListPaths = (
			);
			outputPaths = (
				"$(DERIVED_FILE_DIR)/Pods-ParstagramTests-checkManifestLockResult.txt",
			);
			runOnlyForDeploymentPostprocessing = 0;
			shellPath = /bin/sh;
			shellScript = "diff \"${PODS_PODFILE_DIR_PATH}/Podfile.lock\" \"${PODS_ROOT}/Manifest.lock\" > /dev/null\nif [ $? != 0 ] ; then\n    # print error to STDERR\n    echo \"error: The sandbox is not in sync with the Podfile.lock. Run 'pod install' or update your CocoaPods installation.\" >&2\n    exit 1\nfi\n# This output is used by Xcode 'outputs' to avoid re-running this script phase.\necho \"SUCCESS\" > \"${SCRIPT_OUTPUT_FILE_0}\"\n";
			showEnvVarsInLog = 0;
		};
		4BFE6510439F37B40AC6D50D /* [CP] Check Pods Manifest.lock */ = {
			isa = PBXShellScriptBuildPhase;
			buildActionMask = 2147483647;
			files = (
			);
			inputFileListPaths = (
			);
			inputPaths = (
				"${PODS_PODFILE_DIR_PATH}/Podfile.lock",
				"${PODS_ROOT}/Manifest.lock",
			);
			name = "[CP] Check Pods Manifest.lock";
			outputFileListPaths = (
			);
			outputPaths = (
				"$(DERIVED_FILE_DIR)/Pods-Parstagram-checkManifestLockResult.txt",
			);
			runOnlyForDeploymentPostprocessing = 0;
			shellPath = /bin/sh;
			shellScript = "diff \"${PODS_PODFILE_DIR_PATH}/Podfile.lock\" \"${PODS_ROOT}/Manifest.lock\" > /dev/null\nif [ $? != 0 ] ; then\n    # print error to STDERR\n    echo \"error: The sandbox is not in sync with the Podfile.lock. Run 'pod install' or update your CocoaPods installation.\" >&2\n    exit 1\nfi\n# This output is used by Xcode 'outputs' to avoid re-running this script phase.\necho \"SUCCESS\" > \"${SCRIPT_OUTPUT_FILE_0}\"\n";
			showEnvVarsInLog = 0;
		};
		EEE305442B740F42DE92164F /* [CP] Embed Pods Frameworks */ = {
			isa = PBXShellScriptBuildPhase;
			buildActionMask = 2147483647;
			files = (
			);
			inputFileListPaths = (
				"${PODS_ROOT}/Target Support Files/Pods-Parstagram-ParstagramUITests/Pods-Parstagram-ParstagramUITests-frameworks-${CONFIGURATION}-input-files.xcfilelist",
			);
			name = "[CP] Embed Pods Frameworks";
			outputFileListPaths = (
				"${PODS_ROOT}/Target Support Files/Pods-Parstagram-ParstagramUITests/Pods-Parstagram-ParstagramUITests-frameworks-${CONFIGURATION}-output-files.xcfilelist",
			);
			runOnlyForDeploymentPostprocessing = 0;
			shellPath = /bin/sh;
			shellScript = "\"${PODS_ROOT}/Target Support Files/Pods-Parstagram-ParstagramUITests/Pods-Parstagram-ParstagramUITests-frameworks.sh\"\n";
			showEnvVarsInLog = 0;
		};
/* End PBXShellScriptBuildPhase section */

/* Begin PBXSourcesBuildPhase section */
		86F07F93271507AB002ADAE6 /* Sources */ = {
			isa = PBXSourcesBuildPhase;
			buildActionMask = 2147483647;
			files = (
				8677F5BD27153BFD008B00B2 /* LoginViewController.swift in Sources */,
				8677F5C127156AD6008B00B2 /* CameraViewController.swift in Sources */,
				86F07F9B271507AB002ADAE6 /* AppDelegate.swift in Sources */,
				8677F5BF27153C0C008B00B2 /* FeedViewController.swift in Sources */,
				86F07F9D271507AB002ADAE6 /* SceneDelegate.swift in Sources */,
				8677F5C327157498008B00B2 /* PostCell.swift in Sources */,
			);
			runOnlyForDeploymentPostprocessing = 0;
		};
		86F07FA9271507AD002ADAE6 /* Sources */ = {
			isa = PBXSourcesBuildPhase;
			buildActionMask = 2147483647;
			files = (
				86F07FB2271507AD002ADAE6 /* ParstagramTests.swift in Sources */,
			);
			runOnlyForDeploymentPostprocessing = 0;
		};
		86F07FB4271507AD002ADAE6 /* Sources */ = {
			isa = PBXSourcesBuildPhase;
			buildActionMask = 2147483647;
			files = (
				86F07FBD271507AD002ADAE6 /* ParstagramUITests.swift in Sources */,
			);
			runOnlyForDeploymentPostprocessing = 0;
		};
/* End PBXSourcesBuildPhase section */

/* Begin PBXTargetDependency section */
		86F07FAF271507AD002ADAE6 /* PBXTargetDependency */ = {
			isa = PBXTargetDependency;
			target = 86F07F96271507AB002ADAE6 /* Parstagram */;
			targetProxy = 86F07FAE271507AD002ADAE6 /* PBXContainerItemProxy */;
		};
		86F07FBA271507AD002ADAE6 /* PBXTargetDependency */ = {
			isa = PBXTargetDependency;
			target = 86F07F96271507AB002ADAE6 /* Parstagram */;
			targetProxy = 86F07FB9271507AD002ADAE6 /* PBXContainerItemProxy */;
		};
/* End PBXTargetDependency section */

/* Begin PBXVariantGroup section */
		86F07FA0271507AB002ADAE6 /* Main.storyboard */ = {
			isa = PBXVariantGroup;
			children = (
				86F07FA1271507AB002ADAE6 /* Base */,
			);
			name = Main.storyboard;
			sourceTree = "<group>";
		};
		86F07FA5271507AD002ADAE6 /* LaunchScreen.storyboard */ = {
			isa = PBXVariantGroup;
			children = (
				86F07FA6271507AD002ADAE6 /* Base */,
			);
			name = LaunchScreen.storyboard;
			sourceTree = "<group>";
		};
/* End PBXVariantGroup section */

/* Begin XCBuildConfiguration section */
		86F07FBF271507AD002ADAE6 /* Debug */ = {
			isa = XCBuildConfiguration;
			buildSettings = {
				ALWAYS_SEARCH_USER_PATHS = NO;
				CLANG_ANALYZER_NONNULL = YES;
				CLANG_ANALYZER_NUMBER_OBJECT_CONVERSION = YES_AGGRESSIVE;
				CLANG_CXX_LANGUAGE_STANDARD = "gnu++14";
				CLANG_CXX_LIBRARY = "libc++";
				CLANG_ENABLE_MODULES = YES;
				CLANG_ENABLE_OBJC_ARC = YES;
				CLANG_ENABLE_OBJC_WEAK = YES;
				CLANG_WARN_BLOCK_CAPTURE_AUTORELEASING = YES;
				CLANG_WARN_BOOL_CONVERSION = YES;
				CLANG_WARN_COMMA = YES;
				CLANG_WARN_CONSTANT_CONVERSION = YES;
				CLANG_WARN_DEPRECATED_OBJC_IMPLEMENTATIONS = YES;
				CLANG_WARN_DIRECT_OBJC_ISA_USAGE = YES_ERROR;
				CLANG_WARN_DOCUMENTATION_COMMENTS = YES;
				CLANG_WARN_EMPTY_BODY = YES;
				CLANG_WARN_ENUM_CONVERSION = YES;
				CLANG_WARN_INFINITE_RECURSION = YES;
				CLANG_WARN_INT_CONVERSION = YES;
				CLANG_WARN_NON_LITERAL_NULL_CONVERSION = YES;
				CLANG_WARN_OBJC_IMPLICIT_RETAIN_SELF = YES;
				CLANG_WARN_OBJC_LITERAL_CONVERSION = YES;
				CLANG_WARN_OBJC_ROOT_CLASS = YES_ERROR;
				CLANG_WARN_QUOTED_INCLUDE_IN_FRAMEWORK_HEADER = YES;
				CLANG_WARN_RANGE_LOOP_ANALYSIS = YES;
				CLANG_WARN_STRICT_PROTOTYPES = YES;
				CLANG_WARN_SUSPICIOUS_MOVE = YES;
				CLANG_WARN_UNGUARDED_AVAILABILITY = YES_AGGRESSIVE;
				CLANG_WARN_UNREACHABLE_CODE = YES;
				CLANG_WARN__DUPLICATE_METHOD_MATCH = YES;
				COPY_PHASE_STRIP = NO;
				DEBUG_INFORMATION_FORMAT = dwarf;
				ENABLE_STRICT_OBJC_MSGSEND = YES;
				ENABLE_TESTABILITY = YES;
				GCC_C_LANGUAGE_STANDARD = gnu11;
				GCC_DYNAMIC_NO_PIC = NO;
				GCC_NO_COMMON_BLOCKS = YES;
				GCC_OPTIMIZATION_LEVEL = 0;
				GCC_PREPROCESSOR_DEFINITIONS = (
					"DEBUG=1",
					"$(inherited)",
				);
				GCC_WARN_64_TO_32_BIT_CONVERSION = YES;
				GCC_WARN_ABOUT_RETURN_TYPE = YES_ERROR;
				GCC_WARN_UNDECLARED_SELECTOR = YES;
				GCC_WARN_UNINITIALIZED_AUTOS = YES_AGGRESSIVE;
				GCC_WARN_UNUSED_FUNCTION = YES;
				GCC_WARN_UNUSED_VARIABLE = YES;
				IPHONEOS_DEPLOYMENT_TARGET = 14.5;
				MTL_ENABLE_DEBUG_INFO = INCLUDE_SOURCE;
				MTL_FAST_MATH = YES;
				ONLY_ACTIVE_ARCH = YES;
				SDKROOT = iphoneos;
				SWIFT_ACTIVE_COMPILATION_CONDITIONS = DEBUG;
				SWIFT_OPTIMIZATION_LEVEL = "-Onone";
			};
			name = Debug;
		};
		86F07FC0271507AD002ADAE6 /* Release */ = {
			isa = XCBuildConfiguration;
			buildSettings = {
				ALWAYS_SEARCH_USER_PATHS = NO;
				CLANG_ANALYZER_NONNULL = YES;
				CLANG_ANALYZER_NUMBER_OBJECT_CONVERSION = YES_AGGRESSIVE;
				CLANG_CXX_LANGUAGE_STANDARD = "gnu++14";
				CLANG_CXX_LIBRARY = "libc++";
				CLANG_ENABLE_MODULES = YES;
				CLANG_ENABLE_OBJC_ARC = YES;
				CLANG_ENABLE_OBJC_WEAK = YES;
				CLANG_WARN_BLOCK_CAPTURE_AUTORELEASING = YES;
				CLANG_WARN_BOOL_CONVERSION = YES;
				CLANG_WARN_COMMA = YES;
				CLANG_WARN_CONSTANT_CONVERSION = YES;
				CLANG_WARN_DEPRECATED_OBJC_IMPLEMENTATIONS = YES;
				CLANG_WARN_DIRECT_OBJC_ISA_USAGE = YES_ERROR;
				CLANG_WARN_DOCUMENTATION_COMMENTS = YES;
				CLANG_WARN_EMPTY_BODY = YES;
				CLANG_WARN_ENUM_CONVERSION = YES;
				CLANG_WARN_INFINITE_RECURSION = YES;
				CLANG_WARN_INT_CONVERSION = YES;
				CLANG_WARN_NON_LITERAL_NULL_CONVERSION = YES;
				CLANG_WARN_OBJC_IMPLICIT_RETAIN_SELF = YES;
				CLANG_WARN_OBJC_LITERAL_CONVERSION = YES;
				CLANG_WARN_OBJC_ROOT_CLASS = YES_ERROR;
				CLANG_WARN_QUOTED_INCLUDE_IN_FRAMEWORK_HEADER = YES;
				CLANG_WARN_RANGE_LOOP_ANALYSIS = YES;
				CLANG_WARN_STRICT_PROTOTYPES = YES;
				CLANG_WARN_SUSPICIOUS_MOVE = YES;
				CLANG_WARN_UNGUARDED_AVAILABILITY = YES_AGGRESSIVE;
				CLANG_WARN_UNREACHABLE_CODE = YES;
				CLANG_WARN__DUPLICATE_METHOD_MATCH = YES;
				COPY_PHASE_STRIP = NO;
				DEBUG_INFORMATION_FORMAT = "dwarf-with-dsym";
				ENABLE_NS_ASSERTIONS = NO;
				ENABLE_STRICT_OBJC_MSGSEND = YES;
				GCC_C_LANGUAGE_STANDARD = gnu11;
				GCC_NO_COMMON_BLOCKS = YES;
				GCC_WARN_64_TO_32_BIT_CONVERSION = YES;
				GCC_WARN_ABOUT_RETURN_TYPE = YES_ERROR;
				GCC_WARN_UNDECLARED_SELECTOR = YES;
				GCC_WARN_UNINITIALIZED_AUTOS = YES_AGGRESSIVE;
				GCC_WARN_UNUSED_FUNCTION = YES;
				GCC_WARN_UNUSED_VARIABLE = YES;
				IPHONEOS_DEPLOYMENT_TARGET = 14.5;
				MTL_ENABLE_DEBUG_INFO = NO;
				MTL_FAST_MATH = YES;
				SDKROOT = iphoneos;
				SWIFT_COMPILATION_MODE = wholemodule;
				SWIFT_OPTIMIZATION_LEVEL = "-O";
				VALIDATE_PRODUCT = YES;
			};
			name = Release;
		};
		86F07FC2271507AD002ADAE6 /* Debug */ = {
			isa = XCBuildConfiguration;
			baseConfigurationReference = 69CE3247ACC5F9D55D81B0D4 /* Pods-Parstagram.debug.xcconfig */;
			buildSettings = {
				ASSETCATALOG_COMPILER_APPICON_NAME = AppIcon;
				ASSETCATALOG_COMPILER_GLOBAL_ACCENT_COLOR_NAME = AccentColor;
				CODE_SIGN_STYLE = Automatic;
				INFOPLIST_FILE = Parstagram/Info.plist;
				LD_RUNPATH_SEARCH_PATHS = (
					"$(inherited)",
					"@executable_path/Frameworks",
				);
				PRODUCT_BUNDLE_IDENTIFIER = nikkimay09.Parstagram;
				PRODUCT_NAME = "$(TARGET_NAME)";
				SWIFT_VERSION = 5.0;
				TARGETED_DEVICE_FAMILY = "1,2";
			};
			name = Debug;
		};
		86F07FC3271507AD002ADAE6 /* Release */ = {
			isa = XCBuildConfiguration;
			baseConfigurationReference = E7906EEA8E70C3A89FD607DD /* Pods-Parstagram.release.xcconfig */;
			buildSettings = {
				ASSETCATALOG_COMPILER_APPICON_NAME = AppIcon;
				ASSETCATALOG_COMPILER_GLOBAL_ACCENT_COLOR_NAME = AccentColor;
				CODE_SIGN_STYLE = Automatic;
				INFOPLIST_FILE = Parstagram/Info.plist;
				LD_RUNPATH_SEARCH_PATHS = (
					"$(inherited)",
					"@executable_path/Frameworks",
				);
				PRODUCT_BUNDLE_IDENTIFIER = nikkimay09.Parstagram;
				PRODUCT_NAME = "$(TARGET_NAME)";
				SWIFT_VERSION = 5.0;
				TARGETED_DEVICE_FAMILY = "1,2";
			};
			name = Release;
		};
		86F07FC5271507AD002ADAE6 /* Debug */ = {
			isa = XCBuildConfiguration;
			baseConfigurationReference = 4FE8A0396254EE680983B079 /* Pods-ParstagramTests.debug.xcconfig */;
			buildSettings = {
				ALWAYS_EMBED_SWIFT_STANDARD_LIBRARIES = YES;
				BUNDLE_LOADER = "$(TEST_HOST)";
				CODE_SIGN_STYLE = Automatic;
				INFOPLIST_FILE = ParstagramTests/Info.plist;
				IPHONEOS_DEPLOYMENT_TARGET = 14.5;
				LD_RUNPATH_SEARCH_PATHS = (
					"$(inherited)",
					"@executable_path/Frameworks",
					"@loader_path/Frameworks",
				);
				PRODUCT_BUNDLE_IDENTIFIER = nikkimay09.ParstagramTests;
				PRODUCT_NAME = "$(TARGET_NAME)";
				SWIFT_VERSION = 5.0;
				TARGETED_DEVICE_FAMILY = "1,2";
				TEST_HOST = "$(BUILT_PRODUCTS_DIR)/Parstagram.app/Parstagram";
			};
			name = Debug;
		};
		86F07FC6271507AD002ADAE6 /* Release */ = {
			isa = XCBuildConfiguration;
			baseConfigurationReference = 7987DC6E6C180B1EBB0FFD7B /* Pods-ParstagramTests.release.xcconfig */;
			buildSettings = {
				ALWAYS_EMBED_SWIFT_STANDARD_LIBRARIES = YES;
				BUNDLE_LOADER = "$(TEST_HOST)";
				CODE_SIGN_STYLE = Automatic;
				INFOPLIST_FILE = ParstagramTests/Info.plist;
				IPHONEOS_DEPLOYMENT_TARGET = 14.5;
				LD_RUNPATH_SEARCH_PATHS = (
					"$(inherited)",
					"@executable_path/Frameworks",
					"@loader_path/Frameworks",
				);
				PRODUCT_BUNDLE_IDENTIFIER = nikkimay09.ParstagramTests;
				PRODUCT_NAME = "$(TARGET_NAME)";
				SWIFT_VERSION = 5.0;
				TARGETED_DEVICE_FAMILY = "1,2";
				TEST_HOST = "$(BUILT_PRODUCTS_DIR)/Parstagram.app/Parstagram";
			};
			name = Release;
		};
		86F07FC8271507AD002ADAE6 /* Debug */ = {
			isa = XCBuildConfiguration;
			baseConfigurationReference = 52C4FAA007AD0728E331B6D9 /* Pods-Parstagram-ParstagramUITests.debug.xcconfig */;
			buildSettings = {
				ALWAYS_EMBED_SWIFT_STANDARD_LIBRARIES = YES;
				CODE_SIGN_STYLE = Automatic;
				INFOPLIST_FILE = ParstagramUITests/Info.plist;
				LD_RUNPATH_SEARCH_PATHS = (
					"$(inherited)",
					"@executable_path/Frameworks",
					"@loader_path/Frameworks",
				);
				PRODUCT_BUNDLE_IDENTIFIER = nikkimay09.ParstagramUITests;
				PRODUCT_NAME = "$(TARGET_NAME)";
				SWIFT_VERSION = 5.0;
				TARGETED_DEVICE_FAMILY = "1,2";
				TEST_TARGET_NAME = Parstagram;
			};
			name = Debug;
		};
		86F07FC9271507AD002ADAE6 /* Release */ = {
			isa = XCBuildConfiguration;
			baseConfigurationReference = CAA2F7875656F5C417AA7420 /* Pods-Parstagram-ParstagramUITests.release.xcconfig */;
			buildSettings = {
				ALWAYS_EMBED_SWIFT_STANDARD_LIBRARIES = YES;
				CODE_SIGN_STYLE = Automatic;
				INFOPLIST_FILE = ParstagramUITests/Info.plist;
				LD_RUNPATH_SEARCH_PATHS = (
					"$(inherited)",
					"@executable_path/Frameworks",
					"@loader_path/Frameworks",
				);
				PRODUCT_BUNDLE_IDENTIFIER = nikkimay09.ParstagramUITests;
				PRODUCT_NAME = "$(TARGET_NAME)";
				SWIFT_VERSION = 5.0;
				TARGETED_DEVICE_FAMILY = "1,2";
				TEST_TARGET_NAME = Parstagram;
			};
			name = Release;
		};
/* End XCBuildConfiguration section */

/* Begin XCConfigurationList section */
		86F07F92271507AB002ADAE6 /* Build configuration list for PBXProject "Parstagram" */ = {
			isa = XCConfigurationList;
			buildConfigurations = (
				86F07FBF271507AD002ADAE6 /* Debug */,
				86F07FC0271507AD002ADAE6 /* Release */,
			);
			defaultConfigurationIsVisible = 0;
			defaultConfigurationName = Release;
		};
		86F07FC1271507AD002ADAE6 /* Build configuration list for PBXNativeTarget "Parstagram" */ = {
			isa = XCConfigurationList;
			buildConfigurations = (
				86F07FC2271507AD002ADAE6 /* Debug */,
				86F07FC3271507AD002ADAE6 /* Release */,
			);
			defaultConfigurationIsVisible = 0;
			defaultConfigurationName = Release;
		};
		86F07FC4271507AD002ADAE6 /* Build configuration list for PBXNativeTarget "ParstagramTests" */ = {
			isa = XCConfigurationList;
			buildConfigurations = (
				86F07FC5271507AD002ADAE6 /* Debug */,
				86F07FC6271507AD002ADAE6 /* Release */,
			);
			defaultConfigurationIsVisible = 0;
			defaultConfigurationName = Release;
		};
		86F07FC7271507AD002ADAE6 /* Build configuration list for PBXNativeTarget "ParstagramUITests" */ = {
			isa = XCConfigurationList;
			buildConfigurations = (
				86F07FC8271507AD002ADAE6 /* Debug */,
				86F07FC9271507AD002ADAE6 /* Release */,
			);
			defaultConfigurationIsVisible = 0;
			defaultConfigurationName = Release;
		};
/* End XCConfigurationList section */
	};
	rootObject = 86F07F8F271507AB002ADAE6 /* Project object */;
}
